
Microsoft Visual Studio Solution File, Format Version 12.00
# Visual Studio Version 17
VisualStudioVersion = 17.1.32414.318
MinimumVisualStudioVersion = 10.0.40219.1
Project("{8BC9CEB8-8B4A-11D0-8D11-00A0C91BC942}") = "bitmap-library", "bitmap-library\bitmap-library.vcxproj", "{4967FEC3-2A7A-421E-B64E-BDF5E677D29D}"
EndProject
Global
	GlobalSection(SolutionConfigurationPlatforms) = preSolution
		Debug|x64 = Debug|x64
		Debug|x86 = Debug|x86
		Release|x64 = Release|x64
		Release|x86 = Release|x86
	EndGlobalSection
	GlobalSection(ProjectConfigurationPlatforms) = postSolution
		{4967FEC3-2A7A-421E-B64E-BDF5E677D29D}.Debug|x64.ActiveCfg = Debug|x64
		{4967FEC3-2A7A-421E-B64E-BDF5E677D29D}.Debug|x64.Build.0 = Debug|x64
		{4967FEC3-2A7A-421E-B64E-BDF5E677D29D}.Debug|x86.ActiveCfg = Debug|Win32
		{4967FEC3-2A7A-421E-B64E-BDF5E677D29D}.Debug|x86.Build.0 = Debug|Win32
		{4967FEC3-2A7A-421E-B64E-BDF5E677D29D}.Release|x64.ActiveCfg = Release|x64
		{4967FEC3-2A7A-421E-B64E-BDF5E677D29D}.Release|x64.Build.0 = Release|x64
		{4967FEC3-2A7A-421E-B64E-BDF5E677D29D}.Release|x86.ActiveCfg = Release|Win32
		{4967FEC3-2A7A-421E-B64E-BDF5E677D29D}.Release|x86.Build.0 = Release|Win32
	EndGlobalSection
	GlobalSection(SolutionProperties) = preSolution
		HideSolutionNode = FALSE
	EndGlobalSection
	GlobalSection(ExtensibilityGlobals) = postSolution
		SolutionGuid = {B1262255-A22E-46FB-A6BF-1CC7689F95E4}
	EndGlobalSection
EndGlobal
